// !$*UTF8*$!
{
	archiveVersion = 1;
	classes = {
	};
	objectVersion = 56;
	objects = {

/* Begin PBXBuildFile section */
		3B41991329B882B4003AB87E /* SpoofDetection.swift in Sources */ = {isa = PBXBuildFile; fileRef = 3B41991229B882B4003AB87E /* SpoofDetection.swift */; };
		3B41991529B88319003AB87E /* SpoofDetector.swift in Sources */ = {isa = PBXBuildFile; fileRef = 3B41991429B88319003AB87E /* SpoofDetector.swift */; };
		3B41997629BA70DE003AB87E /* test_input.json in Resources */ = {isa = PBXBuildFile; fileRef = 3B41997529BA70DC003AB87E /* test_input.json */; };
		3B41997829BA8678003AB87E /* test_output.json in Resources */ = {isa = PBXBuildFile; fileRef = 3B41997729BA8677003AB87E /* test_output.json */; };
		3B76E21E2A6B142400C59B0D /* SpoofDetector4.swift in Sources */ = {isa = PBXBuildFile; fileRef = 3B76E21D2A6B142400C59B0D /* SpoofDetector4.swift */; };
		3B76E2202A6B169200C59B0D /* SpoofDetector4Component.swift in Sources */ = {isa = PBXBuildFile; fileRef = 3B76E21F2A6B169200C59B0D /* SpoofDetector4Component.swift */; };
		3B76E2222A6B174600C59B0D /* SpoofDetector4Config.swift in Sources */ = {isa = PBXBuildFile; fileRef = 3B76E2212A6B174600C59B0D /* SpoofDetector4Config.swift */; };
		3B76E2242A6E9E7E00C59B0D /* SpoofDetector4Test.swift in Sources */ = {isa = PBXBuildFile; fileRef = 3B76E2232A6E9E7E00C59B0D /* SpoofDetector4Test.swift */; };
		3B76E2262A6EF65400C59B0D /* Utils.swift in Sources */ = {isa = PBXBuildFile; fileRef = 3B76E2252A6EF65400C59B0D /* Utils.swift */; };
		3B76E22C2A700CA900C59B0D /* bounding_boxes.json in Resources */ = {isa = PBXBuildFile; fileRef = 3B76E22B2A700CA800C59B0D /* bounding_boxes.json */; };
		3BADB09C298D1DF4009F73C3 /* LivenessDetection.framework in Frameworks */ = {isa = PBXBuildFile; fileRef = 3BADB091298D1DF4009F73C3 /* LivenessDetection.framework */; };
		3BADB0A1298D1DF4009F73C3 /* LivenessDetectionTests.swift in Sources */ = {isa = PBXBuildFile; fileRef = 3BADB0A0298D1DF4009F73C3 /* LivenessDetectionTests.swift */; };
		3BADB0AC298D1E6E009F73C3 /* MoireDetector.swift in Sources */ = {isa = PBXBuildFile; fileRef = 3BADB0AB298D1E6E009F73C3 /* MoireDetector.swift */; };
		3BADB0B0298D1F2C009F73C3 /* WaveletDecomposition.swift in Sources */ = {isa = PBXBuildFile; fileRef = 3BADB0AF298D1F2C009F73C3 /* WaveletDecomposition.swift */; };
		3BADB0B2298D1F88009F73C3 /* SpoofDeviceDetector.swift in Sources */ = {isa = PBXBuildFile; fileRef = 3BADB0B1298D1F88009F73C3 /* SpoofDeviceDetector.swift */; };
		3BADB0B4298D1FAF009F73C3 /* DetectedSpoofDevice.swift in Sources */ = {isa = PBXBuildFile; fileRef = 3BADB0B3298D1FAF009F73C3 /* DetectedSpoofDevice.swift */; };
		3BADB0BA298D2290009F73C3 /* ImageProcessingError.swift in Sources */ = {isa = PBXBuildFile; fileRef = 3BADB0B9298D2290009F73C3 /* ImageProcessingError.swift */; };
		3BB2BCD4299FAB6400CCEA18 /* BaseTest.swift in Sources */ = {isa = PBXBuildFile; fileRef = 3BB2BCD3299FAB6400CCEA18 /* BaseTest.swift */; };
		3BB2BCD6299FB47500CCEA18 /* MoireDetectorTest.swift in Sources */ = {isa = PBXBuildFile; fileRef = 3BB2BCD5299FB47500CCEA18 /* MoireDetectorTest.swift */; };
		3BB2BCD8299FD49F00CCEA18 /* WaveletDecompositionTest.swift in Sources */ = {isa = PBXBuildFile; fileRef = 3BB2BCD7299FD49F00CCEA18 /* WaveletDecompositionTest.swift */; };
		3BB2BCDA299FDCC300CCEA18 /* SpoofDeviceDetectorTest.swift in Sources */ = {isa = PBXBuildFile; fileRef = 3BB2BCD9299FDCC300CCEA18 /* SpoofDeviceDetectorTest.swift */; };
		3BB2BCE0299FFB2A00CCEA18 /* ZIPFoundation in Frameworks */ = {isa = PBXBuildFile; productRef = 3BB2BCDF299FFB2A00CCEA18 /* ZIPFoundation */; };
		3BCE0EEC29B22F6800619853 /* SpoofDetector3.swift in Sources */ = {isa = PBXBuildFile; fileRef = 3BCE0EEB29B22F6800619853 /* SpoofDetector3.swift */; };
		3BCFEC4029B2AA9F00B0CC1E /* SpoofDetector3Test.swift in Sources */ = {isa = PBXBuildFile; fileRef = 3BCFEC3F29B2AA9F00B0CC1E /* SpoofDetector3Test.swift */; };
/* End PBXBuildFile section */

/* Begin PBXContainerItemProxy section */
		3BADB09D298D1DF4009F73C3 /* PBXContainerItemProxy */ = {
			isa = PBXContainerItemProxy;
			containerPortal = 3BADB088298D1DF3009F73C3 /* Project object */;
			proxyType = 1;
			remoteGlobalIDString = 3BADB090298D1DF4009F73C3;
			remoteInfo = LivenessDetection;
		};
/* End PBXContainerItemProxy section */

/* Begin PBXFileReference section */
		3B41991229B882B4003AB87E /* SpoofDetection.swift */ = {isa = PBXFileReference; lastKnownFileType = sourcecode.swift; path = SpoofDetection.swift; sourceTree = "<group>"; };
		3B41991429B88319003AB87E /* SpoofDetector.swift */ = {isa = PBXFileReference; lastKnownFileType = sourcecode.swift; path = SpoofDetector.swift; sourceTree = "<group>"; };
		3B41997529BA70DC003AB87E /* test_input.json */ = {isa = PBXFileReference; fileEncoding = 4; lastKnownFileType = text.json; path = test_input.json; sourceTree = "<group>"; };
		3B41997729BA8677003AB87E /* test_output.json */ = {isa = PBXFileReference; fileEncoding = 4; lastKnownFileType = text.json; path = test_output.json; sourceTree = "<group>"; };
		3B76E21D2A6B142400C59B0D /* SpoofDetector4.swift */ = {isa = PBXFileReference; lastKnownFileType = sourcecode.swift; path = SpoofDetector4.swift; sourceTree = "<group>"; };
		3B76E21F2A6B169200C59B0D /* SpoofDetector4Component.swift */ = {isa = PBXFileReference; lastKnownFileType = sourcecode.swift; path = SpoofDetector4Component.swift; sourceTree = "<group>"; };
		3B76E2212A6B174600C59B0D /* SpoofDetector4Config.swift */ = {isa = PBXFileReference; lastKnownFileType = sourcecode.swift; path = SpoofDetector4Config.swift; sourceTree = "<group>"; };
		3B76E2232A6E9E7E00C59B0D /* SpoofDetector4Test.swift */ = {isa = PBXFileReference; lastKnownFileType = sourcecode.swift; path = SpoofDetector4Test.swift; sourceTree = "<group>"; };
		3B76E2252A6EF65400C59B0D /* Utils.swift */ = {isa = PBXFileReference; lastKnownFileType = sourcecode.swift; path = Utils.swift; sourceTree = "<group>"; };
		3B76E22B2A700CA800C59B0D /* bounding_boxes.json */ = {isa = PBXFileReference; fileEncoding = 4; lastKnownFileType = text.json; path = bounding_boxes.json; sourceTree = "<group>"; };
		3BA86E572991769100006E0B /* build.sh */ = {isa = PBXFileReference; lastKnownFileType = text.script.sh; path = build.sh; sourceTree = "<group>"; };
		3BA86E592991908100006E0B /* LivenessDetection.podspec */ = {isa = PBXFileReference; lastKnownFileType = text; path = LivenessDetection.podspec; sourceTree = "<group>"; };
		3BADB091298D1DF4009F73C3 /* LivenessDetection.framework */ = {isa = PBXFileReference; explicitFileType = wrapper.framework; includeInIndex = 0; path = LivenessDetection.framework; sourceTree = BUILT_PRODUCTS_DIR; };
		3BADB09B298D1DF4009F73C3 /* LivenessDetectionTests.xctest */ = {isa = PBXFileReference; explicitFileType = wrapper.cfbundle; includeInIndex = 0; path = LivenessDetectionTests.xctest; sourceTree = BUILT_PRODUCTS_DIR; };
		3BADB0A0298D1DF4009F73C3 /* LivenessDetectionTests.swift */ = {isa = PBXFileReference; lastKnownFileType = sourcecode.swift; path = LivenessDetectionTests.swift; sourceTree = "<group>"; };
		3BADB0AB298D1E6E009F73C3 /* MoireDetector.swift */ = {isa = PBXFileReference; lastKnownFileType = sourcecode.swift; path = MoireDetector.swift; sourceTree = "<group>"; };
		3BADB0AF298D1F2C009F73C3 /* WaveletDecomposition.swift */ = {isa = PBXFileReference; lastKnownFileType = sourcecode.swift; path = WaveletDecomposition.swift; sourceTree = "<group>"; };
		3BADB0B1298D1F88009F73C3 /* SpoofDeviceDetector.swift */ = {isa = PBXFileReference; lastKnownFileType = sourcecode.swift; path = SpoofDeviceDetector.swift; sourceTree = "<group>"; };
		3BADB0B3298D1FAF009F73C3 /* DetectedSpoofDevice.swift */ = {isa = PBXFileReference; lastKnownFileType = sourcecode.swift; path = DetectedSpoofDevice.swift; sourceTree = "<group>"; };
		3BADB0B9298D2290009F73C3 /* ImageProcessingError.swift */ = {isa = PBXFileReference; lastKnownFileType = sourcecode.swift; path = ImageProcessingError.swift; sourceTree = "<group>"; };
		3BB2BCD3299FAB6400CCEA18 /* BaseTest.swift */ = {isa = PBXFileReference; lastKnownFileType = sourcecode.swift; path = BaseTest.swift; sourceTree = "<group>"; };
		3BB2BCD5299FB47500CCEA18 /* MoireDetectorTest.swift */ = {isa = PBXFileReference; lastKnownFileType = sourcecode.swift; path = MoireDetectorTest.swift; sourceTree = "<group>"; };
		3BB2BCD7299FD49F00CCEA18 /* WaveletDecompositionTest.swift */ = {isa = PBXFileReference; lastKnownFileType = sourcecode.swift; path = WaveletDecompositionTest.swift; sourceTree = "<group>"; };
		3BB2BCD9299FDCC300CCEA18 /* SpoofDeviceDetectorTest.swift */ = {isa = PBXFileReference; lastKnownFileType = sourcecode.swift; path = SpoofDeviceDetectorTest.swift; sourceTree = "<group>"; };
		3BCE0EEB29B22F6800619853 /* SpoofDetector3.swift */ = {isa = PBXFileReference; lastKnownFileType = sourcecode.swift; path = SpoofDetector3.swift; sourceTree = "<group>"; };
		3BCFEC3F29B2AA9F00B0CC1E /* SpoofDetector3Test.swift */ = {isa = PBXFileReference; lastKnownFileType = sourcecode.swift; path = SpoofDetector3Test.swift; sourceTree = "<group>"; };
		3BF43A892A2A06F1007011D1 /* Package.swift */ = {isa = PBXFileReference; lastKnownFileType = sourcecode.swift; path = Package.swift; sourceTree = "<group>"; };
/* End PBXFileReference section */

/* Begin PBXFrameworksBuildPhase section */
		3BADB08E298D1DF4009F73C3 /* Frameworks */ = {
			isa = PBXFrameworksBuildPhase;
			buildActionMask = 2147483647;
			files = (
			);
			runOnlyForDeploymentPostprocessing = 0;
		};
		3BADB098298D1DF4009F73C3 /* Frameworks */ = {
			isa = PBXFrameworksBuildPhase;
			buildActionMask = 2147483647;
			files = (
				3BADB09C298D1DF4009F73C3 /* LivenessDetection.framework in Frameworks */,
				3BB2BCE0299FFB2A00CCEA18 /* ZIPFoundation in Frameworks */,
			);
			runOnlyForDeploymentPostprocessing = 0;
		};
/* End PBXFrameworksBuildPhase section */

/* Begin PBXGroup section */
		3BADB087298D1DF3009F73C3 = {
			isa = PBXGroup;
			children = (
				3BF43A892A2A06F1007011D1 /* Package.swift */,
				3BA86E592991908100006E0B /* LivenessDetection.podspec */,
				3BA86E572991769100006E0B /* build.sh */,
				3BADB093298D1DF4009F73C3 /* LivenessDetection */,
				3BADB09F298D1DF4009F73C3 /* LivenessDetectionTests */,
				3BADB092298D1DF4009F73C3 /* Products */,
			);
			sourceTree = "<group>";
		};
		3BADB092298D1DF4009F73C3 /* Products */ = {
			isa = PBXGroup;
			children = (
				3BADB091298D1DF4009F73C3 /* LivenessDetection.framework */,
				3BADB09B298D1DF4009F73C3 /* LivenessDetectionTests.xctest */,
			);
			name = Products;
			sourceTree = "<group>";
		};
		3BADB093298D1DF4009F73C3 /* LivenessDetection */ = {
			isa = PBXGroup;
			children = (
				3BADB0AB298D1E6E009F73C3 /* MoireDetector.swift */,
				3BADB0AF298D1F2C009F73C3 /* WaveletDecomposition.swift */,
				3BADB0B1298D1F88009F73C3 /* SpoofDeviceDetector.swift */,
				3BADB0B3298D1FAF009F73C3 /* DetectedSpoofDevice.swift */,
				3BADB0B9298D2290009F73C3 /* ImageProcessingError.swift */,
				3BCE0EEB29B22F6800619853 /* SpoofDetector3.swift */,
				3B41991229B882B4003AB87E /* SpoofDetection.swift */,
				3B41991429B88319003AB87E /* SpoofDetector.swift */,
				3B76E21D2A6B142400C59B0D /* SpoofDetector4.swift */,
				3B76E21F2A6B169200C59B0D /* SpoofDetector4Component.swift */,
				3B76E2212A6B174600C59B0D /* SpoofDetector4Config.swift */,
				3B76E2252A6EF65400C59B0D /* Utils.swift */,
			);
			name = LivenessDetection;
			path = Sources/LivenessDetection;
			sourceTree = "<group>";
		};
		3BADB09F298D1DF4009F73C3 /* LivenessDetectionTests */ = {
			isa = PBXGroup;
			children = (
				3B76E22B2A700CA800C59B0D /* bounding_boxes.json */,
				3B41997729BA8677003AB87E /* test_output.json */,
				3B41997529BA70DC003AB87E /* test_input.json */,
				3BADB0A0298D1DF4009F73C3 /* LivenessDetectionTests.swift */,
				3BB2BCD3299FAB6400CCEA18 /* BaseTest.swift */,
				3BB2BCD5299FB47500CCEA18 /* MoireDetectorTest.swift */,
				3BB2BCD7299FD49F00CCEA18 /* WaveletDecompositionTest.swift */,
				3BB2BCD9299FDCC300CCEA18 /* SpoofDeviceDetectorTest.swift */,
				3BCFEC3F29B2AA9F00B0CC1E /* SpoofDetector3Test.swift */,
				3B76E2232A6E9E7E00C59B0D /* SpoofDetector4Test.swift */,
			);
			name = LivenessDetectionTests;
			path = Sources/LivenessDetectionTests;
			sourceTree = "<group>";
		};
/* End PBXGroup section */

/* Begin PBXHeadersBuildPhase section */
		3BADB08C298D1DF4009F73C3 /* Headers */ = {
			isa = PBXHeadersBuildPhase;
			buildActionMask = 2147483647;
			files = (
			);
			runOnlyForDeploymentPostprocessing = 0;
		};
/* End PBXHeadersBuildPhase section */

/* Begin PBXNativeTarget section */
		3BADB090298D1DF4009F73C3 /* LivenessDetection */ = {
			isa = PBXNativeTarget;
			buildConfigurationList = 3BADB0A5298D1DF4009F73C3 /* Build configuration list for PBXNativeTarget "LivenessDetection" */;
			buildPhases = (
				3BADB08C298D1DF4009F73C3 /* Headers */,
				3BADB08D298D1DF4009F73C3 /* Sources */,
				3BADB08E298D1DF4009F73C3 /* Frameworks */,
				3BADB08F298D1DF4009F73C3 /* Resources */,
			);
			buildRules = (
			);
			dependencies = (
			);
			name = LivenessDetection;
			productName = LivenessDetection;
			productReference = 3BADB091298D1DF4009F73C3 /* LivenessDetection.framework */;
			productType = "com.apple.product-type.framework";
		};
		3BADB09A298D1DF4009F73C3 /* LivenessDetectionTests */ = {
			isa = PBXNativeTarget;
			buildConfigurationList = 3BADB0A8298D1DF4009F73C3 /* Build configuration list for PBXNativeTarget "LivenessDetectionTests" */;
			buildPhases = (
				3BADB097298D1DF4009F73C3 /* Sources */,
				3BADB098298D1DF4009F73C3 /* Frameworks */,
				3BADB099298D1DF4009F73C3 /* Resources */,
			);
			buildRules = (
			);
			dependencies = (
				3BADB09E298D1DF4009F73C3 /* PBXTargetDependency */,
			);
			name = LivenessDetectionTests;
			packageProductDependencies = (
				3BB2BCDF299FFB2A00CCEA18 /* ZIPFoundation */,
			);
			productName = LivenessDetectionTests;
			productReference = 3BADB09B298D1DF4009F73C3 /* LivenessDetectionTests.xctest */;
			productType = "com.apple.product-type.bundle.unit-test";
		};
/* End PBXNativeTarget section */

/* Begin PBXProject section */
		3BADB088298D1DF3009F73C3 /* Project object */ = {
			isa = PBXProject;
			attributes = {
				BuildIndependentTargetsInParallel = 1;
				LastSwiftUpdateCheck = 1420;
				LastUpgradeCheck = 1420;
				TargetAttributes = {
					3BADB090298D1DF4009F73C3 = {
						CreatedOnToolsVersion = 14.2;
					};
					3BADB09A298D1DF4009F73C3 = {
						CreatedOnToolsVersion = 14.2;
					};
				};
			};
			buildConfigurationList = 3BADB08B298D1DF3009F73C3 /* Build configuration list for PBXProject "LivenessDetection" */;
			compatibilityVersion = "Xcode 14.0";
			developmentRegion = en;
			hasScannedForEncodings = 0;
			knownRegions = (
				en,
				Base,
			);
			mainGroup = 3BADB087298D1DF3009F73C3;
			packageReferences = (
				3BB2BCDE299FFB2A00CCEA18 /* XCRemoteSwiftPackageReference "ZIPFoundation" */,
			);
			productRefGroup = 3BADB092298D1DF4009F73C3 /* Products */;
			projectDirPath = "";
			projectRoot = "";
			targets = (
				3BADB090298D1DF4009F73C3 /* LivenessDetection */,
				3BADB09A298D1DF4009F73C3 /* LivenessDetectionTests */,
			);
		};
/* End PBXProject section */

/* Begin PBXResourcesBuildPhase section */
		3BADB08F298D1DF4009F73C3 /* Resources */ = {
			isa = PBXResourcesBuildPhase;
			buildActionMask = 2147483647;
			files = (
			);
			runOnlyForDeploymentPostprocessing = 0;
		};
		3BADB099298D1DF4009F73C3 /* Resources */ = {
			isa = PBXResourcesBuildPhase;
			buildActionMask = 2147483647;
			files = (
				3B41997829BA8678003AB87E /* test_output.json in Resources */,
				3B41997629BA70DE003AB87E /* test_input.json in Resources */,
				3B76E22C2A700CA900C59B0D /* bounding_boxes.json in Resources */,
			);
			runOnlyForDeploymentPostprocessing = 0;
		};
/* End PBXResourcesBuildPhase section */

/* Begin PBXSourcesBuildPhase section */
		3BADB08D298D1DF4009F73C3 /* Sources */ = {
			isa = PBXSourcesBuildPhase;
			buildActionMask = 2147483647;
			files = (
				3BADB0AC298D1E6E009F73C3 /* MoireDetector.swift in Sources */,
				3B41991529B88319003AB87E /* SpoofDetector.swift in Sources */,
				3B41991329B882B4003AB87E /* SpoofDetection.swift in Sources */,
				3B76E2222A6B174600C59B0D /* SpoofDetector4Config.swift in Sources */,
				3B76E2262A6EF65400C59B0D /* Utils.swift in Sources */,
				3B76E21E2A6B142400C59B0D /* SpoofDetector4.swift in Sources */,
				3B76E2202A6B169200C59B0D /* SpoofDetector4Component.swift in Sources */,
				3BADB0B0298D1F2C009F73C3 /* WaveletDecomposition.swift in Sources */,
				3BADB0B4298D1FAF009F73C3 /* DetectedSpoofDevice.swift in Sources */,
				3BADB0BA298D2290009F73C3 /* ImageProcessingError.swift in Sources */,
				3BADB0B2298D1F88009F73C3 /* SpoofDeviceDetector.swift in Sources */,
				3BCE0EEC29B22F6800619853 /* SpoofDetector3.swift in Sources */,
			);
			runOnlyForDeploymentPostprocessing = 0;
		};
		3BADB097298D1DF4009F73C3 /* Sources */ = {
			isa = PBXSourcesBuildPhase;
			buildActionMask = 2147483647;
			files = (
				3BB2BCD6299FB47500CCEA18 /* MoireDetectorTest.swift in Sources */,
				3BCFEC4029B2AA9F00B0CC1E /* SpoofDetector3Test.swift in Sources */,
				3B76E2242A6E9E7E00C59B0D /* SpoofDetector4Test.swift in Sources */,
				3BB2BCD4299FAB6400CCEA18 /* BaseTest.swift in Sources */,
				3BB2BCD8299FD49F00CCEA18 /* WaveletDecompositionTest.swift in Sources */,
				3BADB0A1298D1DF4009F73C3 /* LivenessDetectionTests.swift in Sources */,
				3BB2BCDA299FDCC300CCEA18 /* SpoofDeviceDetectorTest.swift in Sources */,
			);
			runOnlyForDeploymentPostprocessing = 0;
		};
/* End PBXSourcesBuildPhase section */

/* Begin PBXTargetDependency section */
		3BADB09E298D1DF4009F73C3 /* PBXTargetDependency */ = {
			isa = PBXTargetDependency;
			target = 3BADB090298D1DF4009F73C3 /* LivenessDetection */;
			targetProxy = 3BADB09D298D1DF4009F73C3 /* PBXContainerItemProxy */;
		};
/* End PBXTargetDependency section */

/* Begin XCBuildConfiguration section */
		3BADB0A3298D1DF4009F73C3 /* Debug */ = {
			isa = XCBuildConfiguration;
			buildSettings = {
				ALWAYS_SEARCH_USER_PATHS = NO;
				BUILD_LIBRARY_FOR_DISTRIBUTION = YES;
				CLANG_ANALYZER_NONNULL = YES;
				CLANG_ANALYZER_NUMBER_OBJECT_CONVERSION = YES_AGGRESSIVE;
				CLANG_CXX_LANGUAGE_STANDARD = "gnu++20";
				CLANG_ENABLE_MODULES = YES;
				CLANG_ENABLE_OBJC_ARC = YES;
				CLANG_ENABLE_OBJC_WEAK = YES;
				CLANG_WARN_BLOCK_CAPTURE_AUTORELEASING = YES;
				CLANG_WARN_BOOL_CONVERSION = YES;
				CLANG_WARN_COMMA = YES;
				CLANG_WARN_CONSTANT_CONVERSION = YES;
				CLANG_WARN_DEPRECATED_OBJC_IMPLEMENTATIONS = YES;
				CLANG_WARN_DIRECT_OBJC_ISA_USAGE = YES_ERROR;
				CLANG_WARN_DOCUMENTATION_COMMENTS = YES;
				CLANG_WARN_EMPTY_BODY = YES;
				CLANG_WARN_ENUM_CONVERSION = YES;
				CLANG_WARN_INFINITE_RECURSION = YES;
				CLANG_WARN_INT_CONVERSION = YES;
				CLANG_WARN_NON_LITERAL_NULL_CONVERSION = YES;
				CLANG_WARN_OBJC_IMPLICIT_RETAIN_SELF = YES;
				CLANG_WARN_OBJC_LITERAL_CONVERSION = YES;
				CLANG_WARN_OBJC_ROOT_CLASS = YES_ERROR;
				CLANG_WARN_QUOTED_INCLUDE_IN_FRAMEWORK_HEADER = YES;
				CLANG_WARN_RANGE_LOOP_ANALYSIS = YES;
				CLANG_WARN_STRICT_PROTOTYPES = YES;
				CLANG_WARN_SUSPICIOUS_MOVE = YES;
				CLANG_WARN_UNGUARDED_AVAILABILITY = YES_AGGRESSIVE;
				CLANG_WARN_UNREACHABLE_CODE = YES;
				CLANG_WARN__DUPLICATE_METHOD_MATCH = YES;
				COPY_PHASE_STRIP = NO;
				CURRENT_PROJECT_VERSION = 1002001;
				DEBUG_INFORMATION_FORMAT = dwarf;
				ENABLE_STRICT_OBJC_MSGSEND = YES;
				ENABLE_TESTABILITY = YES;
				GCC_C_LANGUAGE_STANDARD = gnu11;
				GCC_DYNAMIC_NO_PIC = NO;
				GCC_NO_COMMON_BLOCKS = YES;
				GCC_OPTIMIZATION_LEVEL = 0;
				GCC_PREPROCESSOR_DEFINITIONS = (
					"DEBUG=1",
					"$(inherited)",
				);
				GCC_WARN_64_TO_32_BIT_CONVERSION = YES;
				GCC_WARN_ABOUT_RETURN_TYPE = YES_ERROR;
				GCC_WARN_UNDECLARED_SELECTOR = YES;
				GCC_WARN_UNINITIALIZED_AUTOS = YES_AGGRESSIVE;
				GCC_WARN_UNUSED_FUNCTION = YES;
				GCC_WARN_UNUSED_VARIABLE = YES;
				IPHONEOS_DEPLOYMENT_TARGET = 12.0;
				MARKETING_VERSION = 1.2.1;
				MTL_ENABLE_DEBUG_INFO = INCLUDE_SOURCE;
				MTL_FAST_MATH = YES;
				ONLY_ACTIVE_ARCH = YES;
				SDKROOT = iphoneos;
				SWIFT_ACTIVE_COMPILATION_CONDITIONS = DEBUG;
				SWIFT_OPTIMIZATION_LEVEL = "-Onone";
				VERSIONING_SYSTEM = "apple-generic";
				VERSION_INFO_PREFIX = "";
			};
			name = Debug;
		};
		3BADB0A4298D1DF4009F73C3 /* Release */ = {
			isa = XCBuildConfiguration;
			buildSettings = {
				ALWAYS_SEARCH_USER_PATHS = NO;
				BUILD_LIBRARY_FOR_DISTRIBUTION = YES;
				CLANG_ANALYZER_NONNULL = YES;
				CLANG_ANALYZER_NUMBER_OBJECT_CONVERSION = YES_AGGRESSIVE;
				CLANG_CXX_LANGUAGE_STANDARD = "gnu++20";
				CLANG_ENABLE_MODULES = YES;
				CLANG_ENABLE_OBJC_ARC = YES;
				CLANG_ENABLE_OBJC_WEAK = YES;
				CLANG_WARN_BLOCK_CAPTURE_AUTORELEASING = YES;
				CLANG_WARN_BOOL_CONVERSION = YES;
				CLANG_WARN_COMMA = YES;
				CLANG_WARN_CONSTANT_CONVERSION = YES;
				CLANG_WARN_DEPRECATED_OBJC_IMPLEMENTATIONS = YES;
				CLANG_WARN_DIRECT_OBJC_ISA_USAGE = YES_ERROR;
				CLANG_WARN_DOCUMENTATION_COMMENTS = YES;
				CLANG_WARN_EMPTY_BODY = YES;
				CLANG_WARN_ENUM_CONVERSION = YES;
				CLANG_WARN_INFINITE_RECURSION = YES;
				CLANG_WARN_INT_CONVERSION = YES;
				CLANG_WARN_NON_LITERAL_NULL_CONVERSION = YES;
				CLANG_WARN_OBJC_IMPLICIT_RETAIN_SELF = YES;
				CLANG_WARN_OBJC_LITERAL_CONVERSION = YES;
				CLANG_WARN_OBJC_ROOT_CLASS = YES_ERROR;
				CLANG_WARN_QUOTED_INCLUDE_IN_FRAMEWORK_HEADER = YES;
				CLANG_WARN_RANGE_LOOP_ANALYSIS = YES;
				CLANG_WARN_STRICT_PROTOTYPES = YES;
				CLANG_WARN_SUSPICIOUS_MOVE = YES;
				CLANG_WARN_UNGUARDED_AVAILABILITY = YES_AGGRESSIVE;
				CLANG_WARN_UNREACHABLE_CODE = YES;
				CLANG_WARN__DUPLICATE_METHOD_MATCH = YES;
				COPY_PHASE_STRIP = NO;
				CURRENT_PROJECT_VERSION = 1002001;
				DEBUG_INFORMATION_FORMAT = "dwarf-with-dsym";
				ENABLE_NS_ASSERTIONS = NO;
				ENABLE_STRICT_OBJC_MSGSEND = YES;
				GCC_C_LANGUAGE_STANDARD = gnu11;
				GCC_NO_COMMON_BLOCKS = YES;
				GCC_WARN_64_TO_32_BIT_CONVERSION = YES;
				GCC_WARN_ABOUT_RETURN_TYPE = YES_ERROR;
				GCC_WARN_UNDECLARED_SELECTOR = YES;
				GCC_WARN_UNINITIALIZED_AUTOS = YES_AGGRESSIVE;
				GCC_WARN_UNUSED_FUNCTION = YES;
				GCC_WARN_UNUSED_VARIABLE = YES;
				IPHONEOS_DEPLOYMENT_TARGET = 12.0;
				MARKETING_VERSION = 1.2.1;
				MTL_ENABLE_DEBUG_INFO = NO;
				MTL_FAST_MATH = YES;
				SDKROOT = iphoneos;
				SWIFT_COMPILATION_MODE = wholemodule;
				SWIFT_OPTIMIZATION_LEVEL = "-O";
				VALIDATE_PRODUCT = YES;
				VERSIONING_SYSTEM = "apple-generic";
				VERSION_INFO_PREFIX = "";
			};
			name = Release;
		};
		3BADB0A6298D1DF4009F73C3 /* Debug */ = {
			isa = XCBuildConfiguration;
			buildSettings = {
				CODE_SIGN_IDENTITY = "Apple Development";
				CODE_SIGN_STYLE = Automatic;
				DEFINES_MODULE = YES;
				DEVELOPMENT_TEAM = CSD8L9EK66;
				DYLIB_COMPATIBILITY_VERSION = 1;
				DYLIB_CURRENT_VERSION = 1;
				DYLIB_INSTALL_NAME_BASE = "@rpath";
				GENERATE_INFOPLIST_FILE = YES;
				INFOPLIST_KEY_NSHumanReadableCopyright = "";
				INSTALL_PATH = "$(LOCAL_LIBRARY_DIR)/Frameworks";
				LD_RUNPATH_SEARCH_PATHS = (
					"$(inherited)",
					"@executable_path/Frameworks",
					"@loader_path/Frameworks",
				);
				PRODUCT_BUNDLE_IDENTIFIER = com.appliedrec.LivenessDetection;
				PRODUCT_NAME = "$(TARGET_NAME:c99extidentifier)";
				SKIP_INSTALL = YES;
				SWIFT_EMIT_LOC_STRINGS = YES;
				SWIFT_VERSION = 5.0;
				TARGETED_DEVICE_FAMILY = "1,2";
			};
			name = Debug;
		};
		3BADB0A7298D1DF4009F73C3 /* Release */ = {
			isa = XCBuildConfiguration;
			buildSettings = {
				CODE_SIGN_IDENTITY = "Apple Development";
				CODE_SIGN_STYLE = Automatic;
				DEFINES_MODULE = YES;
				DEVELOPMENT_TEAM = CSD8L9EK66;
				DYLIB_COMPATIBILITY_VERSION = 1;
				DYLIB_CURRENT_VERSION = 1;
				DYLIB_INSTALL_NAME_BASE = "@rpath";
				GENERATE_INFOPLIST_FILE = YES;
				INFOPLIST_KEY_NSHumanReadableCopyright = "";
				INSTALL_PATH = "$(LOCAL_LIBRARY_DIR)/Frameworks";
				LD_RUNPATH_SEARCH_PATHS = (
					"$(inherited)",
					"@executable_path/Frameworks",
					"@loader_path/Frameworks",
				);
				PRODUCT_BUNDLE_IDENTIFIER = com.appliedrec.LivenessDetection;
				PRODUCT_NAME = "$(TARGET_NAME:c99extidentifier)";
				SKIP_INSTALL = YES;
				SWIFT_EMIT_LOC_STRINGS = YES;
				SWIFT_VERSION = 5.0;
				TARGETED_DEVICE_FAMILY = "1,2";
			};
			name = Release;
		};
		3BADB0A9298D1DF4009F73C3 /* Debug */ = {
			isa = XCBuildConfiguration;
			buildSettings = {
				ALWAYS_EMBED_SWIFT_STANDARD_LIBRARIES = YES;
				CODE_SIGN_STYLE = Automatic;
				DEVELOPMENT_TEAM = CSD8L9EK66;
				GENERATE_INFOPLIST_FILE = YES;
				IPHONEOS_DEPLOYMENT_TARGET = 14.0;
				PRODUCT_BUNDLE_IDENTIFIER = com.appliedrec.LivenessDetectionTests;
				PRODUCT_NAME = "$(TARGET_NAME)";
				SWIFT_EMIT_LOC_STRINGS = NO;
				SWIFT_VERSION = 5.0;
				TARGETED_DEVICE_FAMILY = "1,2";
			};
			name = Debug;
		};
		3BADB0AA298D1DF4009F73C3 /* Release */ = {
			isa = XCBuildConfiguration;
			buildSettings = {
				ALWAYS_EMBED_SWIFT_STANDARD_LIBRARIES = YES;
				CODE_SIGN_STYLE = Automatic;
				DEVELOPMENT_TEAM = CSD8L9EK66;
				GENERATE_INFOPLIST_FILE = YES;
				IPHONEOS_DEPLOYMENT_TARGET = 14.0;
				PRODUCT_BUNDLE_IDENTIFIER = com.appliedrec.LivenessDetectionTests;
				PRODUCT_NAME = "$(TARGET_NAME)";
				SWIFT_EMIT_LOC_STRINGS = NO;
				SWIFT_VERSION = 5.0;
				TARGETED_DEVICE_FAMILY = "1,2";
			};
			name = Release;
		};
/* End XCBuildConfiguration section */

/* Begin XCConfigurationList section */
		3BADB08B298D1DF3009F73C3 /* Build configuration list for PBXProject "LivenessDetection" */ = {
			isa = XCConfigurationList;
			buildConfigurations = (
				3BADB0A3298D1DF4009F73C3 /* Debug */,
				3BADB0A4298D1DF4009F73C3 /* Release */,
			);
			defaultConfigurationIsVisible = 0;
			defaultConfigurationName = Release;
		};
		3BADB0A5298D1DF4009F73C3 /* Build configuration list for PBXNativeTarget "LivenessDetection" */ = {
			isa = XCConfigurationList;
			buildConfigurations = (
				3BADB0A6298D1DF4009F73C3 /* Debug */,
				3BADB0A7298D1DF4009F73C3 /* Release */,
			);
			defaultConfigurationIsVisible = 0;
			defaultConfigurationName = Release;
		};
		3BADB0A8298D1DF4009F73C3 /* Build configuration list for PBXNativeTarget "LivenessDetectionTests" */ = {
			isa = XCConfigurationList;
			buildConfigurations = (
				3BADB0A9298D1DF4009F73C3 /* Debug */,
				3BADB0AA298D1DF4009F73C3 /* Release */,
			);
			defaultConfigurationIsVisible = 0;
			defaultConfigurationName = Release;
		};
/* End XCConfigurationList section */

/* Begin XCRemoteSwiftPackageReference section */
		3BB2BCDE299FFB2A00CCEA18 /* XCRemoteSwiftPackageReference "ZIPFoundation" */ = {
			isa = XCRemoteSwiftPackageReference;
			repositoryURL = "https://github.com/weichsel/ZIPFoundation";
			requirement = {
				kind = upToNextMajorVersion;
				minimumVersion = 0.9.9;
			};
		};
/* End XCRemoteSwiftPackageReference section */

/* Begin XCSwiftPackageProductDependency section */
		3BB2BCDF299FFB2A00CCEA18 /* ZIPFoundation */ = {
			isa = XCSwiftPackageProductDependency;
			package = 3BB2BCDE299FFB2A00CCEA18 /* XCRemoteSwiftPackageReference "ZIPFoundation" */;
			productName = ZIPFoundation;
		};
/* End XCSwiftPackageProductDependency section */
	};
	rootObject = 3BADB088298D1DF3009F73C3 /* Project object */;
}
